// !$*UTF8*$!
{
	archiveVersion = 1;
	classes = {
	};
	objectVersion = 56;
	objects = {

/* Begin PBXBuildFile section */
		A700D62728D3762B00650491 /* Resolver in Frameworks */ = {isa = PBXBuildFile; productRef = A700D62628D3762B00650491 /* Resolver */; };
		A716DE28289C1DA600D65C8A /* RankedApp.swift in Sources */ = {isa = PBXBuildFile; fileRef = A716DE27289C1DA600D65C8A /* RankedApp.swift */; };
		A716DE2A289C1DA600D65C8A /* HomeScreenView.swift in Sources */ = {isa = PBXBuildFile; fileRef = A716DE29289C1DA600D65C8A /* HomeScreenView.swift */; };
		A716DE2C289C1DA800D65C8A /* Assets.xcassets in Resources */ = {isa = PBXBuildFile; fileRef = A716DE2B289C1DA800D65C8A /* Assets.xcassets */; };
		A716DE2F289C1DA800D65C8A /* Preview Assets.xcassets in Resources */ = {isa = PBXBuildFile; fileRef = A716DE2E289C1DA800D65C8A /* Preview Assets.xcassets */; };
		A716DE39289C1DA800D65C8A /* rankedTests.swift in Sources */ = {isa = PBXBuildFile; fileRef = A716DE38289C1DA800D65C8A /* rankedTests.swift */; };
		A716DE43289C1DA800D65C8A /* rankedUITests.swift in Sources */ = {isa = PBXBuildFile; fileRef = A716DE42289C1DA800D65C8A /* rankedUITests.swift */; };
		A716DE45289C1DA800D65C8A /* rankedUITestsLaunchTests.swift in Sources */ = {isa = PBXBuildFile; fileRef = A716DE44289C1DA800D65C8A /* rankedUITestsLaunchTests.swift */; };
		A716DE52289C1DEB00D65C8A /* PollPreviewView.swift in Sources */ = {isa = PBXBuildFile; fileRef = A716DE51289C1DEB00D65C8A /* PollPreviewView.swift */; };
		A716DE56289C21E300D65C8A /* Poll.swift in Sources */ = {isa = PBXBuildFile; fileRef = A716DE55289C21E300D65C8A /* Poll.swift */; };
		A73F421F29082C0500F8C9B3 /* ResultsViewModel.swift in Sources */ = {isa = PBXBuildFile; fileRef = A73F421E29082C0500F8C9B3 /* ResultsViewModel.swift */; };
		A758FECB290822BF00DBD460 /* ResultsView.swift in Sources */ = {isa = PBXBuildFile; fileRef = A758FECA290822BF00DBD460 /* ResultsView.swift */; };
		A77A9B5928C0F78200616243 /* GoogleService-Info.plist in Resources */ = {isa = PBXBuildFile; fileRef = A77A9B5828C0F78200616243 /* GoogleService-Info.plist */; };
		A77A9B5C28C0F86500616243 /* FirebaseAppCheck in Frameworks */ = {isa = PBXBuildFile; productRef = A77A9B5B28C0F86500616243 /* FirebaseAppCheck */; };
		A77A9B5E28C0F86500616243 /* FirebaseAppDistribution-Beta in Frameworks */ = {isa = PBXBuildFile; productRef = A77A9B5D28C0F86500616243 /* FirebaseAppDistribution-Beta */; };
		A77A9B6028C0F86500616243 /* FirebaseAuth in Frameworks */ = {isa = PBXBuildFile; productRef = A77A9B5F28C0F86500616243 /* FirebaseAuth */; };
		A77A9B6228C0F86500616243 /* FirebaseAuthCombine-Community in Frameworks */ = {isa = PBXBuildFile; productRef = A77A9B6128C0F86500616243 /* FirebaseAuthCombine-Community */; };
		A77A9B6428C0F86500616243 /* FirebaseDatabase in Frameworks */ = {isa = PBXBuildFile; productRef = A77A9B6328C0F86500616243 /* FirebaseDatabase */; };
		A77A9B6628C0F86500616243 /* FirebaseDatabaseSwift in Frameworks */ = {isa = PBXBuildFile; productRef = A77A9B6528C0F86500616243 /* FirebaseDatabaseSwift */; };
		A77A9B6828C0F86500616243 /* FirebaseDynamicLinks in Frameworks */ = {isa = PBXBuildFile; productRef = A77A9B6728C0F86500616243 /* FirebaseDynamicLinks */; };
		A77A9B6A28C0F86500616243 /* FirebaseFirestore in Frameworks */ = {isa = PBXBuildFile; productRef = A77A9B6928C0F86500616243 /* FirebaseFirestore */; };
		A77A9B6C28C0F86500616243 /* FirebaseFirestoreCombine-Community in Frameworks */ = {isa = PBXBuildFile; productRef = A77A9B6B28C0F86500616243 /* FirebaseFirestoreCombine-Community */; };
		A77A9B6E28C0F86500616243 /* FirebaseFirestoreSwift in Frameworks */ = {isa = PBXBuildFile; productRef = A77A9B6D28C0F86500616243 /* FirebaseFirestoreSwift */; };
		A77A9B7028C0F86500616243 /* FirebaseFunctions in Frameworks */ = {isa = PBXBuildFile; productRef = A77A9B6F28C0F86500616243 /* FirebaseFunctions */; };
		A77A9B7228C0F86500616243 /* FirebaseFunctionsCombine-Community in Frameworks */ = {isa = PBXBuildFile; productRef = A77A9B7128C0F86500616243 /* FirebaseFunctionsCombine-Community */; };
		A77A9B7428C0F86500616243 /* FirebaseInAppMessaging-Beta in Frameworks */ = {isa = PBXBuildFile; productRef = A77A9B7328C0F86500616243 /* FirebaseInAppMessaging-Beta */; };
		A77A9B7628C0F86500616243 /* FirebaseInAppMessagingSwift-Beta in Frameworks */ = {isa = PBXBuildFile; productRef = A77A9B7528C0F86500616243 /* FirebaseInAppMessagingSwift-Beta */; };
		A77A9B7828C0F86500616243 /* FirebaseInstallations in Frameworks */ = {isa = PBXBuildFile; productRef = A77A9B7728C0F86500616243 /* FirebaseInstallations */; };
		A77A9B7A28C0F86500616243 /* FirebaseMessaging in Frameworks */ = {isa = PBXBuildFile; productRef = A77A9B7928C0F86500616243 /* FirebaseMessaging */; };
		A77A9B7C28C0F86500616243 /* FirebaseRemoteConfig in Frameworks */ = {isa = PBXBuildFile; productRef = A77A9B7B28C0F86500616243 /* FirebaseRemoteConfig */; };
		A77A9B7E28C0F86500616243 /* FirebaseRemoteConfigSwift in Frameworks */ = {isa = PBXBuildFile; productRef = A77A9B7D28C0F86500616243 /* FirebaseRemoteConfigSwift */; };
		A77A9B8028C0F86500616243 /* FirebaseStorage in Frameworks */ = {isa = PBXBuildFile; productRef = A77A9B7F28C0F86500616243 /* FirebaseStorage */; };
		A77A9B8228C0F86500616243 /* FirebaseStorageCombine-Community in Frameworks */ = {isa = PBXBuildFile; productRef = A77A9B8128C0F86500616243 /* FirebaseStorageCombine-Community */; };
		A77A9B8728C1152800616243 /* AuthViewModel.swift in Sources */ = {isa = PBXBuildFile; fileRef = A77A9B8628C1152800616243 /* AuthViewModel.swift */; };
		A7AE38CD28ED631000112329 /* PollService.swift in Sources */ = {isa = PBXBuildFile; fileRef = A7AE38CC28ED631000112329 /* PollService.swift */; };
		A7AE38CF28EF391700112329 /* HomeScreenViewModel.swift in Sources */ = {isa = PBXBuildFile; fileRef = A7AE38CE28EF391700112329 /* HomeScreenViewModel.swift */; };
		A7AE38D128F0186900112329 /* NewPollView.swift in Sources */ = {isa = PBXBuildFile; fileRef = A7AE38D028F0186900112329 /* NewPollView.swift */; };
		A7AE38D428F0188500112329 /* NewPollViewModel.swift in Sources */ = {isa = PBXBuildFile; fileRef = A7AE38D328F0188500112329 /* NewPollViewModel.swift */; };
		A7AE38DB28F80A0B00112329 /* VoteScreenViewModel.swift in Sources */ = {isa = PBXBuildFile; fileRef = A7AE38DA28F80A0B00112329 /* VoteScreenViewModel.swift */; };
		A7AE38E128FE891D00112329 /* DroppableList.swift in Sources */ = {isa = PBXBuildFile; fileRef = A7AE38E028FE891D00112329 /* DroppableList.swift */; };
		A7AE38E328FFF47E00112329 /* User.swift in Sources */ = {isa = PBXBuildFile; fileRef = A7AE38E228FFF47E00112329 /* User.swift */; };
		A7AE38E729018AA700112329 /* PollPreviewViewModel.swift in Sources */ = {isa = PBXBuildFile; fileRef = A7AE38E629018AA700112329 /* PollPreviewViewModel.swift */; };
		A7AE38E929019A0400112329 /* DidVoteScreenView.swift in Sources */ = {isa = PBXBuildFile; fileRef = A7AE38E829019A0400112329 /* DidVoteScreenView.swift */; };
		A7AE38EB29019BBD00112329 /* DidVoteScreenViewModel.swift in Sources */ = {isa = PBXBuildFile; fileRef = A7AE38EA29019BBD00112329 /* DidVoteScreenViewModel.swift */; };
		A7BDDA9129198A35004331EF /* Algorithm.swift in Sources */ = {isa = PBXBuildFile; fileRef = A7BDDA9029198A35004331EF /* Algorithm.swift */; };
		A7C0C18C289C2D2E0058501F /* VoteScreenView.swift in Sources */ = {isa = PBXBuildFile; fileRef = A7C0C18B289C2D2E0058501F /* VoteScreenView.swift */; };
		A7CC3A4229083E5900145BC8 /* Vote.swift in Sources */ = {isa = PBXBuildFile; fileRef = A7CC3A4129083E5900145BC8 /* Vote.swift */; };
/* End PBXBuildFile section */

/* Begin PBXContainerItemProxy section */
		A716DE35289C1DA800D65C8A /* PBXContainerItemProxy */ = {
			isa = PBXContainerItemProxy;
			containerPortal = A716DE1C289C1DA600D65C8A /* Project object */;
			proxyType = 1;
			remoteGlobalIDString = A716DE23289C1DA600D65C8A;
			remoteInfo = ranked;
		};
		A716DE3F289C1DA800D65C8A /* PBXContainerItemProxy */ = {
			isa = PBXContainerItemProxy;
			containerPortal = A716DE1C289C1DA600D65C8A /* Project object */;
			proxyType = 1;
			remoteGlobalIDString = A716DE23289C1DA600D65C8A;
			remoteInfo = ranked;
		};
/* End PBXContainerItemProxy section */

/* Begin PBXFileReference section */
		A716DE24289C1DA600D65C8A /* ranked.app */ = {isa = PBXFileReference; explicitFileType = wrapper.application; includeInIndex = 0; path = ranked.app; sourceTree = BUILT_PRODUCTS_DIR; };
		A716DE27289C1DA600D65C8A /* RankedApp.swift */ = {isa = PBXFileReference; lastKnownFileType = sourcecode.swift; path = RankedApp.swift; sourceTree = "<group>"; };
		A716DE29289C1DA600D65C8A /* HomeScreenView.swift */ = {isa = PBXFileReference; lastKnownFileType = sourcecode.swift; path = HomeScreenView.swift; sourceTree = "<group>"; };
		A716DE2B289C1DA800D65C8A /* Assets.xcassets */ = {isa = PBXFileReference; lastKnownFileType = folder.assetcatalog; path = Assets.xcassets; sourceTree = "<group>"; };
		A716DE2E289C1DA800D65C8A /* Preview Assets.xcassets */ = {isa = PBXFileReference; lastKnownFileType = folder.assetcatalog; path = "Preview Assets.xcassets"; sourceTree = "<group>"; };
		A716DE34289C1DA800D65C8A /* rankedTests.xctest */ = {isa = PBXFileReference; explicitFileType = wrapper.cfbundle; includeInIndex = 0; path = rankedTests.xctest; sourceTree = BUILT_PRODUCTS_DIR; };
		A716DE38289C1DA800D65C8A /* rankedTests.swift */ = {isa = PBXFileReference; lastKnownFileType = sourcecode.swift; path = rankedTests.swift; sourceTree = "<group>"; };
		A716DE3E289C1DA800D65C8A /* rankedUITests.xctest */ = {isa = PBXFileReference; explicitFileType = wrapper.cfbundle; includeInIndex = 0; path = rankedUITests.xctest; sourceTree = BUILT_PRODUCTS_DIR; };
		A716DE42289C1DA800D65C8A /* rankedUITests.swift */ = {isa = PBXFileReference; lastKnownFileType = sourcecode.swift; path = rankedUITests.swift; sourceTree = "<group>"; };
		A716DE44289C1DA800D65C8A /* rankedUITestsLaunchTests.swift */ = {isa = PBXFileReference; lastKnownFileType = sourcecode.swift; path = rankedUITestsLaunchTests.swift; sourceTree = "<group>"; };
		A716DE51289C1DEB00D65C8A /* PollPreviewView.swift */ = {isa = PBXFileReference; lastKnownFileType = sourcecode.swift; path = PollPreviewView.swift; sourceTree = "<group>"; };
		A716DE55289C21E300D65C8A /* Poll.swift */ = {isa = PBXFileReference; lastKnownFileType = sourcecode.swift; path = Poll.swift; sourceTree = "<group>"; };
		A73F421E29082C0500F8C9B3 /* ResultsViewModel.swift */ = {isa = PBXFileReference; lastKnownFileType = sourcecode.swift; path = ResultsViewModel.swift; sourceTree = "<group>"; };
		A758FECA290822BF00DBD460 /* ResultsView.swift */ = {isa = PBXFileReference; lastKnownFileType = sourcecode.swift; path = ResultsView.swift; sourceTree = "<group>"; };
		A77A9B5828C0F78200616243 /* GoogleService-Info.plist */ = {isa = PBXFileReference; fileEncoding = 4; lastKnownFileType = text.plist.xml; path = "GoogleService-Info.plist"; sourceTree = "<group>"; };
		A77A9B8628C1152800616243 /* AuthViewModel.swift */ = {isa = PBXFileReference; lastKnownFileType = sourcecode.swift; path = AuthViewModel.swift; sourceTree = "<group>"; };
		A7AE38CC28ED631000112329 /* PollService.swift */ = {isa = PBXFileReference; lastKnownFileType = sourcecode.swift; path = PollService.swift; sourceTree = "<group>"; };
		A7AE38CE28EF391700112329 /* HomeScreenViewModel.swift */ = {isa = PBXFileReference; lastKnownFileType = sourcecode.swift; path = HomeScreenViewModel.swift; sourceTree = "<group>"; };
		A7AE38D028F0186900112329 /* NewPollView.swift */ = {isa = PBXFileReference; lastKnownFileType = sourcecode.swift; path = NewPollView.swift; sourceTree = "<group>"; };
		A7AE38D328F0188500112329 /* NewPollViewModel.swift */ = {isa = PBXFileReference; lastKnownFileType = sourcecode.swift; path = NewPollViewModel.swift; sourceTree = "<group>"; };
		A7AE38DA28F80A0B00112329 /* VoteScreenViewModel.swift */ = {isa = PBXFileReference; lastKnownFileType = sourcecode.swift; path = VoteScreenViewModel.swift; sourceTree = "<group>"; };
		A7AE38E028FE891D00112329 /* DroppableList.swift */ = {isa = PBXFileReference; lastKnownFileType = sourcecode.swift; path = DroppableList.swift; sourceTree = "<group>"; };
		A7AE38E228FFF47E00112329 /* User.swift */ = {isa = PBXFileReference; lastKnownFileType = sourcecode.swift; path = User.swift; sourceTree = "<group>"; };
		A7AE38E629018AA700112329 /* PollPreviewViewModel.swift */ = {isa = PBXFileReference; lastKnownFileType = sourcecode.swift; path = PollPreviewViewModel.swift; sourceTree = "<group>"; };
		A7AE38E829019A0400112329 /* DidVoteScreenView.swift */ = {isa = PBXFileReference; lastKnownFileType = sourcecode.swift; path = DidVoteScreenView.swift; sourceTree = "<group>"; };
		A7AE38EA29019BBD00112329 /* DidVoteScreenViewModel.swift */ = {isa = PBXFileReference; lastKnownFileType = sourcecode.swift; path = DidVoteScreenViewModel.swift; sourceTree = "<group>"; };
		A7BDDA9029198A35004331EF /* Algorithm.swift */ = {isa = PBXFileReference; lastKnownFileType = sourcecode.swift; path = Algorithm.swift; sourceTree = "<group>"; };
		A7C0C18B289C2D2E0058501F /* VoteScreenView.swift */ = {isa = PBXFileReference; lastKnownFileType = sourcecode.swift; path = VoteScreenView.swift; sourceTree = "<group>"; };
		A7CC3A4129083E5900145BC8 /* Vote.swift */ = {isa = PBXFileReference; lastKnownFileType = sourcecode.swift; path = Vote.swift; sourceTree = "<group>"; };
/* End PBXFileReference section */

/* Begin PBXFrameworksBuildPhase section */
		A716DE21289C1DA600D65C8A /* Frameworks */ = {
			isa = PBXFrameworksBuildPhase;
			buildActionMask = 2147483647;
			files = (
				A77A9B7A28C0F86500616243 /* FirebaseMessaging in Frameworks */,
				A77A9B7428C0F86500616243 /* FirebaseInAppMessaging-Beta in Frameworks */,
				A77A9B8228C0F86500616243 /* FirebaseStorageCombine-Community in Frameworks */,
				A77A9B6628C0F86500616243 /* FirebaseDatabaseSwift in Frameworks */,
				A77A9B7E28C0F86500616243 /* FirebaseRemoteConfigSwift in Frameworks */,
				A77A9B7628C0F86500616243 /* FirebaseInAppMessagingSwift-Beta in Frameworks */,
				A77A9B7C28C0F86500616243 /* FirebaseRemoteConfig in Frameworks */,
				A77A9B6428C0F86500616243 /* FirebaseDatabase in Frameworks */,
				A77A9B5C28C0F86500616243 /* FirebaseAppCheck in Frameworks */,
				A77A9B6C28C0F86500616243 /* FirebaseFirestoreCombine-Community in Frameworks */,
				A77A9B8028C0F86500616243 /* FirebaseStorage in Frameworks */,
				A77A9B6028C0F86500616243 /* FirebaseAuth in Frameworks */,
				A700D62728D3762B00650491 /* Resolver in Frameworks */,
				A77A9B6E28C0F86500616243 /* FirebaseFirestoreSwift in Frameworks */,
				A77A9B5E28C0F86500616243 /* FirebaseAppDistribution-Beta in Frameworks */,
				A77A9B7828C0F86500616243 /* FirebaseInstallations in Frameworks */,
				A77A9B6A28C0F86500616243 /* FirebaseFirestore in Frameworks */,
				A77A9B6828C0F86500616243 /* FirebaseDynamicLinks in Frameworks */,
				A77A9B7028C0F86500616243 /* FirebaseFunctions in Frameworks */,
				A77A9B6228C0F86500616243 /* FirebaseAuthCombine-Community in Frameworks */,
				A77A9B7228C0F86500616243 /* FirebaseFunctionsCombine-Community in Frameworks */,
			);
			runOnlyForDeploymentPostprocessing = 0;
		};
		A716DE31289C1DA800D65C8A /* Frameworks */ = {
			isa = PBXFrameworksBuildPhase;
			buildActionMask = 2147483647;
			files = (
			);
			runOnlyForDeploymentPostprocessing = 0;
		};
		A716DE3B289C1DA800D65C8A /* Frameworks */ = {
			isa = PBXFrameworksBuildPhase;
			buildActionMask = 2147483647;
			files = (
			);
			runOnlyForDeploymentPostprocessing = 0;
		};
/* End PBXFrameworksBuildPhase section */

/* Begin PBXGroup section */
		A716DE1B289C1DA600D65C8A = {
			isa = PBXGroup;
			children = (
				A716DE26289C1DA600D65C8A /* ranked */,
				A77A9B5828C0F78200616243 /* GoogleService-Info.plist */,
				A716DE37289C1DA800D65C8A /* rankedTests */,
				A716DE41289C1DA800D65C8A /* rankedUITests */,
				A716DE25289C1DA600D65C8A /* Products */,
			);
			sourceTree = "<group>";
		};
		A716DE25289C1DA600D65C8A /* Products */ = {
			isa = PBXGroup;
			children = (
				A716DE24289C1DA600D65C8A /* ranked.app */,
				A716DE34289C1DA800D65C8A /* rankedTests.xctest */,
				A716DE3E289C1DA800D65C8A /* rankedUITests.xctest */,
			);
			name = Products;
			sourceTree = "<group>";
		};
		A716DE26289C1DA600D65C8A /* ranked */ = {
			isa = PBXGroup;
			children = (
				A7AE38D528F59CD900112329 /* Utilities */,
				A7A95A8828EC2D1E00081577 /* Services */,
				A716DE54289C21DA00D65C8A /* Models */,
				A77A9B8528C1150800616243 /* ViewModels */,
				A716DE53289C21C400D65C8A /* Views */,
				A716DE27289C1DA600D65C8A /* RankedApp.swift */,
				A716DE2B289C1DA800D65C8A /* Assets.xcassets */,
				A716DE2D289C1DA800D65C8A /* Preview Content */,
			);
			path = ranked;
			sourceTree = "<group>";
		};
		A716DE2D289C1DA800D65C8A /* Preview Content */ = {
			isa = PBXGroup;
			children = (
				A716DE2E289C1DA800D65C8A /* Preview Assets.xcassets */,
			);
			path = "Preview Content";
			sourceTree = "<group>";
		};
		A716DE37289C1DA800D65C8A /* rankedTests */ = {
			isa = PBXGroup;
			children = (
				A716DE38289C1DA800D65C8A /* rankedTests.swift */,
			);
			path = rankedTests;
			sourceTree = "<group>";
		};
		A716DE41289C1DA800D65C8A /* rankedUITests */ = {
			isa = PBXGroup;
			children = (
				A716DE42289C1DA800D65C8A /* rankedUITests.swift */,
				A716DE44289C1DA800D65C8A /* rankedUITestsLaunchTests.swift */,
			);
			path = rankedUITests;
			sourceTree = "<group>";
		};
		A716DE53289C21C400D65C8A /* Views */ = {
			isa = PBXGroup;
			children = (
				A716DE29289C1DA600D65C8A /* HomeScreenView.swift */,
				A7C0C18B289C2D2E0058501F /* VoteScreenView.swift */,
				A7AE38E829019A0400112329 /* DidVoteScreenView.swift */,
				A758FECA290822BF00DBD460 /* ResultsView.swift */,
				A7AE38D028F0186900112329 /* NewPollView.swift */,
				A716DE51289C1DEB00D65C8A /* PollPreviewView.swift */,
			);
			path = Views;
			sourceTree = "<group>";
		};
		A716DE54289C21DA00D65C8A /* Models */ = {
			isa = PBXGroup;
			children = (
				A716DE55289C21E300D65C8A /* Poll.swift */,
				A7CC3A4129083E5900145BC8 /* Vote.swift */,
				A7AE38E228FFF47E00112329 /* User.swift */,
			);
			path = Models;
			sourceTree = "<group>";
		};
		A77A9B8528C1150800616243 /* ViewModels */ = {
			isa = PBXGroup;
			children = (
				A77A9B8628C1152800616243 /* AuthViewModel.swift */,
				A7AE38CE28EF391700112329 /* HomeScreenViewModel.swift */,
				A7AE38DA28F80A0B00112329 /* VoteScreenViewModel.swift */,
				A7AE38EA29019BBD00112329 /* DidVoteScreenViewModel.swift */,
				A73F421E29082C0500F8C9B3 /* ResultsViewModel.swift */,
				A7AE38D328F0188500112329 /* NewPollViewModel.swift */,
				A7AE38E629018AA700112329 /* PollPreviewViewModel.swift */,
			);
			path = ViewModels;
			sourceTree = "<group>";
		};
		A7A95A8828EC2D1E00081577 /* Services */ = {
			isa = PBXGroup;
			children = (
				A7AE38CC28ED631000112329 /* PollService.swift */,
				A7BDDA9029198A35004331EF /* Algorithm.swift */,
			);
			path = Services;
			sourceTree = "<group>";
		};
		A7AE38D528F59CD900112329 /* Utilities */ = {
			isa = PBXGroup;
			children = (
				A7AE38E028FE891D00112329 /* DroppableList.swift */,
			);
			path = Utilities;
			sourceTree = "<group>";
		};
/* End PBXGroup section */

/* Begin PBXNativeTarget section */
		A716DE23289C1DA600D65C8A /* ranked */ = {
			isa = PBXNativeTarget;
			buildConfigurationList = A716DE48289C1DA800D65C8A /* Build configuration list for PBXNativeTarget "ranked" */;
			buildPhases = (
				A716DE20289C1DA600D65C8A /* Sources */,
				A716DE21289C1DA600D65C8A /* Frameworks */,
				A716DE22289C1DA600D65C8A /* Resources */,
			);
			buildRules = (
			);
			dependencies = (
			);
			name = ranked;
			packageProductDependencies = (
				A77A9B5B28C0F86500616243 /* FirebaseAppCheck */,
				A77A9B5D28C0F86500616243 /* FirebaseAppDistribution-Beta */,
				A77A9B5F28C0F86500616243 /* FirebaseAuth */,
				A77A9B6128C0F86500616243 /* FirebaseAuthCombine-Community */,
				A77A9B6328C0F86500616243 /* FirebaseDatabase */,
				A77A9B6528C0F86500616243 /* FirebaseDatabaseSwift */,
				A77A9B6728C0F86500616243 /* FirebaseDynamicLinks */,
				A77A9B6928C0F86500616243 /* FirebaseFirestore */,
				A77A9B6B28C0F86500616243 /* FirebaseFirestoreCombine-Community */,
				A77A9B6D28C0F86500616243 /* FirebaseFirestoreSwift */,
				A77A9B6F28C0F86500616243 /* FirebaseFunctions */,
				A77A9B7128C0F86500616243 /* FirebaseFunctionsCombine-Community */,
				A77A9B7328C0F86500616243 /* FirebaseInAppMessaging-Beta */,
				A77A9B7528C0F86500616243 /* FirebaseInAppMessagingSwift-Beta */,
				A77A9B7728C0F86500616243 /* FirebaseInstallations */,
				A77A9B7928C0F86500616243 /* FirebaseMessaging */,
				A77A9B7B28C0F86500616243 /* FirebaseRemoteConfig */,
				A77A9B7D28C0F86500616243 /* FirebaseRemoteConfigSwift */,
				A77A9B7F28C0F86500616243 /* FirebaseStorage */,
				A77A9B8128C0F86500616243 /* FirebaseStorageCombine-Community */,
				A700D62628D3762B00650491 /* Resolver */,
			);
			productName = ranked;
			productReference = A716DE24289C1DA600D65C8A /* ranked.app */;
			productType = "com.apple.product-type.application";
		};
		A716DE33289C1DA800D65C8A /* rankedTests */ = {
			isa = PBXNativeTarget;
			buildConfigurationList = A716DE4B289C1DA800D65C8A /* Build configuration list for PBXNativeTarget "rankedTests" */;
			buildPhases = (
				A716DE30289C1DA800D65C8A /* Sources */,
				A716DE31289C1DA800D65C8A /* Frameworks */,
				A716DE32289C1DA800D65C8A /* Resources */,
			);
			buildRules = (
			);
			dependencies = (
				A716DE36289C1DA800D65C8A /* PBXTargetDependency */,
			);
			name = rankedTests;
			productName = rankedTests;
			productReference = A716DE34289C1DA800D65C8A /* rankedTests.xctest */;
			productType = "com.apple.product-type.bundle.unit-test";
		};
		A716DE3D289C1DA800D65C8A /* rankedUITests */ = {
			isa = PBXNativeTarget;
			buildConfigurationList = A716DE4E289C1DA800D65C8A /* Build configuration list for PBXNativeTarget "rankedUITests" */;
			buildPhases = (
				A716DE3A289C1DA800D65C8A /* Sources */,
				A716DE3B289C1DA800D65C8A /* Frameworks */,
				A716DE3C289C1DA800D65C8A /* Resources */,
			);
			buildRules = (
			);
			dependencies = (
				A716DE40289C1DA800D65C8A /* PBXTargetDependency */,
			);
			name = rankedUITests;
			productName = rankedUITests;
			productReference = A716DE3E289C1DA800D65C8A /* rankedUITests.xctest */;
			productType = "com.apple.product-type.bundle.ui-testing";
		};
/* End PBXNativeTarget section */

/* Begin PBXProject section */
		A716DE1C289C1DA600D65C8A /* Project object */ = {
			isa = PBXProject;
			attributes = {
				BuildIndependentTargetsInParallel = 1;
				LastSwiftUpdateCheck = 1400;
				LastUpgradeCheck = 1400;
				TargetAttributes = {
					A716DE23289C1DA600D65C8A = {
						CreatedOnToolsVersion = 14.0;
					};
					A716DE33289C1DA800D65C8A = {
						CreatedOnToolsVersion = 14.0;
						TestTargetID = A716DE23289C1DA600D65C8A;
					};
					A716DE3D289C1DA800D65C8A = {
						CreatedOnToolsVersion = 14.0;
						TestTargetID = A716DE23289C1DA600D65C8A;
					};
				};
			};
			buildConfigurationList = A716DE1F289C1DA600D65C8A /* Build configuration list for PBXProject "ranked" */;
			compatibilityVersion = "Xcode 14.0";
			developmentRegion = en;
			hasScannedForEncodings = 0;
			knownRegions = (
				en,
				Base,
			);
			mainGroup = A716DE1B289C1DA600D65C8A;
			packageReferences = (
				A77A9B5A28C0F86500616243 /* XCRemoteSwiftPackageReference "firebase-ios-sdk" */,
				A700D62528D3762B00650491 /* XCRemoteSwiftPackageReference "Resolver" */,
			);
			productRefGroup = A716DE25289C1DA600D65C8A /* Products */;
			projectDirPath = "";
			projectRoot = "";
			targets = (
				A716DE23289C1DA600D65C8A /* ranked */,
				A716DE33289C1DA800D65C8A /* rankedTests */,
				A716DE3D289C1DA800D65C8A /* rankedUITests */,
			);
		};
/* End PBXProject section */

/* Begin PBXResourcesBuildPhase section */
		A716DE22289C1DA600D65C8A /* Resources */ = {
			isa = PBXResourcesBuildPhase;
			buildActionMask = 2147483647;
			files = (
				A716DE2F289C1DA800D65C8A /* Preview Assets.xcassets in Resources */,
				A716DE2C289C1DA800D65C8A /* Assets.xcassets in Resources */,
				A77A9B5928C0F78200616243 /* GoogleService-Info.plist in Resources */,
			);
			runOnlyForDeploymentPostprocessing = 0;
		};
		A716DE32289C1DA800D65C8A /* Resources */ = {
			isa = PBXResourcesBuildPhase;
			buildActionMask = 2147483647;
			files = (
			);
			runOnlyForDeploymentPostprocessing = 0;
		};
		A716DE3C289C1DA800D65C8A /* Resources */ = {
			isa = PBXResourcesBuildPhase;
			buildActionMask = 2147483647;
			files = (
			);
			runOnlyForDeploymentPostprocessing = 0;
		};
/* End PBXResourcesBuildPhase section */

/* Begin PBXSourcesBuildPhase section */
		A716DE20289C1DA600D65C8A /* Sources */ = {
			isa = PBXSourcesBuildPhase;
			buildActionMask = 2147483647;
			files = (
				A7AE38E328FFF47E00112329 /* User.swift in Sources */,
				A716DE2A289C1DA600D65C8A /* HomeScreenView.swift in Sources */,
				A7AE38E128FE891D00112329 /* DroppableList.swift in Sources */,
				A73F421F29082C0500F8C9B3 /* ResultsViewModel.swift in Sources */,
				A7AE38CF28EF391700112329 /* HomeScreenViewModel.swift in Sources */,
				A7AE38DB28F80A0B00112329 /* VoteScreenViewModel.swift in Sources */,
				A7C0C18C289C2D2E0058501F /* VoteScreenView.swift in Sources */,
				A716DE28289C1DA600D65C8A /* RankedApp.swift in Sources */,
				A7AE38D128F0186900112329 /* NewPollView.swift in Sources */,
				A7BDDA9129198A35004331EF /* Algorithm.swift in Sources */,
				A716DE52289C1DEB00D65C8A /* PollPreviewView.swift in Sources */,
				A7AE38EB29019BBD00112329 /* DidVoteScreenViewModel.swift in Sources */,
				A716DE56289C21E300D65C8A /* Poll.swift in Sources */,
				A7AE38E729018AA700112329 /* PollPreviewViewModel.swift in Sources */,
				A7AE38CD28ED631000112329 /* PollService.swift in Sources */,
				A7AE38E929019A0400112329 /* DidVoteScreenView.swift in Sources */,
				A77A9B8728C1152800616243 /* AuthViewModel.swift in Sources */,
				A7CC3A4229083E5900145BC8 /* Vote.swift in Sources */,
				A758FECB290822BF00DBD460 /* ResultsView.swift in Sources */,
				A7AE38D428F0188500112329 /* NewPollViewModel.swift in Sources */,
			);
			runOnlyForDeploymentPostprocessing = 0;
		};
		A716DE30289C1DA800D65C8A /* Sources */ = {
			isa = PBXSourcesBuildPhase;
			buildActionMask = 2147483647;
			files = (
				A716DE39289C1DA800D65C8A /* rankedTests.swift in Sources */,
			);
			runOnlyForDeploymentPostprocessing = 0;
		};
		A716DE3A289C1DA800D65C8A /* Sources */ = {
			isa = PBXSourcesBuildPhase;
			buildActionMask = 2147483647;
			files = (
				A716DE43289C1DA800D65C8A /* rankedUITests.swift in Sources */,
				A716DE45289C1DA800D65C8A /* rankedUITestsLaunchTests.swift in Sources */,
			);
			runOnlyForDeploymentPostprocessing = 0;
		};
/* End PBXSourcesBuildPhase section */

/* Begin PBXTargetDependency section */
		A716DE36289C1DA800D65C8A /* PBXTargetDependency */ = {
			isa = PBXTargetDependency;
			target = A716DE23289C1DA600D65C8A /* ranked */;
			targetProxy = A716DE35289C1DA800D65C8A /* PBXContainerItemProxy */;
		};
		A716DE40289C1DA800D65C8A /* PBXTargetDependency */ = {
			isa = PBXTargetDependency;
			target = A716DE23289C1DA600D65C8A /* ranked */;
			targetProxy = A716DE3F289C1DA800D65C8A /* PBXContainerItemProxy */;
		};
/* End PBXTargetDependency section */

/* Begin XCBuildConfiguration section */
		A716DE46289C1DA800D65C8A /* Debug */ = {
			isa = XCBuildConfiguration;
			buildSettings = {
				ALWAYS_SEARCH_USER_PATHS = NO;
				CLANG_ANALYZER_NONNULL = YES;
				CLANG_ANALYZER_NUMBER_OBJECT_CONVERSION = YES_AGGRESSIVE;
				CLANG_CXX_LANGUAGE_STANDARD = "gnu++20";
				CLANG_ENABLE_MODULES = YES;
				CLANG_ENABLE_OBJC_ARC = YES;
				CLANG_ENABLE_OBJC_WEAK = YES;
				CLANG_WARN_BLOCK_CAPTURE_AUTORELEASING = YES;
				CLANG_WARN_BOOL_CONVERSION = YES;
				CLANG_WARN_COMMA = YES;
				CLANG_WARN_CONSTANT_CONVERSION = YES;
				CLANG_WARN_DEPRECATED_OBJC_IMPLEMENTATIONS = YES;
				CLANG_WARN_DIRECT_OBJC_ISA_USAGE = YES_ERROR;
				CLANG_WARN_DOCUMENTATION_COMMENTS = YES;
				CLANG_WARN_EMPTY_BODY = YES;
				CLANG_WARN_ENUM_CONVERSION = YES;
				CLANG_WARN_INFINITE_RECURSION = YES;
				CLANG_WARN_INT_CONVERSION = YES;
				CLANG_WARN_NON_LITERAL_NULL_CONVERSION = YES;
				CLANG_WARN_OBJC_IMPLICIT_RETAIN_SELF = YES;
				CLANG_WARN_OBJC_LITERAL_CONVERSION = YES;
				CLANG_WARN_OBJC_ROOT_CLASS = YES_ERROR;
				CLANG_WARN_QUOTED_INCLUDE_IN_FRAMEWORK_HEADER = YES;
				CLANG_WARN_RANGE_LOOP_ANALYSIS = YES;
				CLANG_WARN_STRICT_PROTOTYPES = YES;
				CLANG_WARN_SUSPICIOUS_MOVE = YES;
				CLANG_WARN_UNGUARDED_AVAILABILITY = YES_AGGRESSIVE;
				CLANG_WARN_UNREACHABLE_CODE = YES;
				CLANG_WARN__DUPLICATE_METHOD_MATCH = YES;
				COPY_PHASE_STRIP = NO;
				DEBUG_INFORMATION_FORMAT = dwarf;
				ENABLE_STRICT_OBJC_MSGSEND = YES;
				ENABLE_TESTABILITY = YES;
				GCC_C_LANGUAGE_STANDARD = gnu11;
				GCC_DYNAMIC_NO_PIC = NO;
				GCC_NO_COMMON_BLOCKS = YES;
				GCC_OPTIMIZATION_LEVEL = 0;
				GCC_PREPROCESSOR_DEFINITIONS = (
					"DEBUG=1",
					"$(inherited)",
				);
				GCC_WARN_64_TO_32_BIT_CONVERSION = YES;
				GCC_WARN_ABOUT_RETURN_TYPE = YES_ERROR;
				GCC_WARN_UNDECLARED_SELECTOR = YES;
				GCC_WARN_UNINITIALIZED_AUTOS = YES_AGGRESSIVE;
				GCC_WARN_UNUSED_FUNCTION = YES;
				GCC_WARN_UNUSED_VARIABLE = YES;
				IPHONEOS_DEPLOYMENT_TARGET = 16.0;
				MTL_ENABLE_DEBUG_INFO = INCLUDE_SOURCE;
				MTL_FAST_MATH = YES;
				ONLY_ACTIVE_ARCH = YES;
				SDKROOT = iphoneos;
				SWIFT_ACTIVE_COMPILATION_CONDITIONS = DEBUG;
				SWIFT_OPTIMIZATION_LEVEL = "-Onone";
			};
			name = Debug;
		};
		A716DE47289C1DA800D65C8A /* Release */ = {
			isa = XCBuildConfiguration;
			buildSettings = {
				ALWAYS_SEARCH_USER_PATHS = NO;
				CLANG_ANALYZER_NONNULL = YES;
				CLANG_ANALYZER_NUMBER_OBJECT_CONVERSION = YES_AGGRESSIVE;
				CLANG_CXX_LANGUAGE_STANDARD = "gnu++20";
				CLANG_ENABLE_MODULES = YES;
				CLANG_ENABLE_OBJC_ARC = YES;
				CLANG_ENABLE_OBJC_WEAK = YES;
				CLANG_WARN_BLOCK_CAPTURE_AUTORELEASING = YES;
				CLANG_WARN_BOOL_CONVERSION = YES;
				CLANG_WARN_COMMA = YES;
				CLANG_WARN_CONSTANT_CONVERSION = YES;
				CLANG_WARN_DEPRECATED_OBJC_IMPLEMENTATIONS = YES;
				CLANG_WARN_DIRECT_OBJC_ISA_USAGE = YES_ERROR;
				CLANG_WARN_DOCUMENTATION_COMMENTS = YES;
				CLANG_WARN_EMPTY_BODY = YES;
				CLANG_WARN_ENUM_CONVERSION = YES;
				CLANG_WARN_INFINITE_RECURSION = YES;
				CLANG_WARN_INT_CONVERSION = YES;
				CLANG_WARN_NON_LITERAL_NULL_CONVERSION = YES;
				CLANG_WARN_OBJC_IMPLICIT_RETAIN_SELF = YES;
				CLANG_WARN_OBJC_LITERAL_CONVERSION = YES;
				CLANG_WARN_OBJC_ROOT_CLASS = YES_ERROR;
				CLANG_WARN_QUOTED_INCLUDE_IN_FRAMEWORK_HEADER = YES;
				CLANG_WARN_RANGE_LOOP_ANALYSIS = YES;
				CLANG_WARN_STRICT_PROTOTYPES = YES;
				CLANG_WARN_SUSPICIOUS_MOVE = YES;
				CLANG_WARN_UNGUARDED_AVAILABILITY = YES_AGGRESSIVE;
				CLANG_WARN_UNREACHABLE_CODE = YES;
				CLANG_WARN__DUPLICATE_METHOD_MATCH = YES;
				COPY_PHASE_STRIP = NO;
				DEBUG_INFORMATION_FORMAT = "dwarf-with-dsym";
				ENABLE_NS_ASSERTIONS = NO;
				ENABLE_STRICT_OBJC_MSGSEND = YES;
				GCC_C_LANGUAGE_STANDARD = gnu11;
				GCC_NO_COMMON_BLOCKS = YES;
				GCC_WARN_64_TO_32_BIT_CONVERSION = YES;
				GCC_WARN_ABOUT_RETURN_TYPE = YES_ERROR;
				GCC_WARN_UNDECLARED_SELECTOR = YES;
				GCC_WARN_UNINITIALIZED_AUTOS = YES_AGGRESSIVE;
				GCC_WARN_UNUSED_FUNCTION = YES;
				GCC_WARN_UNUSED_VARIABLE = YES;
				IPHONEOS_DEPLOYMENT_TARGET = 16.0;
				MTL_ENABLE_DEBUG_INFO = NO;
				MTL_FAST_MATH = YES;
				SDKROOT = iphoneos;
				SWIFT_COMPILATION_MODE = wholemodule;
				SWIFT_OPTIMIZATION_LEVEL = "-O";
				VALIDATE_PRODUCT = YES;
			};
			name = Release;
		};
		A716DE49289C1DA800D65C8A /* Debug */ = {
			isa = XCBuildConfiguration;
			buildSettings = {
				ASSETCATALOG_COMPILER_APPICON_NAME = AppIcon;
				ASSETCATALOG_COMPILER_GLOBAL_ACCENT_COLOR_NAME = AccentColor;
				CODE_SIGN_STYLE = Automatic;
				CURRENT_PROJECT_VERSION = 1;
				DEVELOPMENT_ASSET_PATHS = "\"ranked/Preview Content\"";
				DEVELOPMENT_TEAM = TR5Z37W278;
				ENABLE_PREVIEWS = YES;
				GENERATE_INFOPLIST_FILE = YES;
				INFOPLIST_KEY_UIApplicationSceneManifest_Generation = YES;
				INFOPLIST_KEY_UIApplicationSupportsIndirectInputEvents = YES;
				INFOPLIST_KEY_UILaunchScreen_Generation = YES;
				INFOPLIST_KEY_UISupportedInterfaceOrientations = UIInterfaceOrientationPortrait;
				INFOPLIST_KEY_UISupportedInterfaceOrientations_iPad = "UIInterfaceOrientationLandscapeLeft UIInterfaceOrientationLandscapeRight UIInterfaceOrientationPortrait UIInterfaceOrientationPortraitUpsideDown";
				LD_RUNPATH_SEARCH_PATHS = (
					"$(inherited)",
					"@executable_path/Frameworks",
				);
				MARKETING_VERSION = 1.0;
				PRODUCT_BUNDLE_IDENTIFIER = com.valentinsilvera.ranked;
				PRODUCT_NAME = "$(TARGET_NAME)";
				SWIFT_EMIT_LOC_STRINGS = YES;
				SWIFT_VERSION = 5.0;
				TARGETED_DEVICE_FAMILY = "1,2";
			};
			name = Debug;
		};
		A716DE4A289C1DA800D65C8A /* Release */ = {
			isa = XCBuildConfiguration;
			buildSettings = {
				ASSETCATALOG_COMPILER_APPICON_NAME = AppIcon;
				ASSETCATALOG_COMPILER_GLOBAL_ACCENT_COLOR_NAME = AccentColor;
				CODE_SIGN_STYLE = Automatic;
				CURRENT_PROJECT_VERSION = 1;
				DEVELOPMENT_ASSET_PATHS = "\"ranked/Preview Content\"";
				DEVELOPMENT_TEAM = TR5Z37W278;
				ENABLE_PREVIEWS = YES;
				GENERATE_INFOPLIST_FILE = YES;
				INFOPLIST_KEY_UIApplicationSceneManifest_Generation = YES;
				INFOPLIST_KEY_UIApplicationSupportsIndirectInputEvents = YES;
				INFOPLIST_KEY_UILaunchScreen_Generation = YES;
				INFOPLIST_KEY_UISupportedInterfaceOrientations = UIInterfaceOrientationPortrait;
				INFOPLIST_KEY_UISupportedInterfaceOrientations_iPad = "UIInterfaceOrientationLandscapeLeft UIInterfaceOrientationLandscapeRight UIInterfaceOrientationPortrait UIInterfaceOrientationPortraitUpsideDown";
				LD_RUNPATH_SEARCH_PATHS = (
					"$(inherited)",
					"@executable_path/Frameworks",
				);
				MARKETING_VERSION = 1.0;
				PRODUCT_BUNDLE_IDENTIFIER = com.valentinsilvera.ranked;
				PRODUCT_NAME = "$(TARGET_NAME)";
				SWIFT_EMIT_LOC_STRINGS = YES;
				SWIFT_VERSION = 5.0;
				TARGETED_DEVICE_FAMILY = "1,2";
			};
			name = Release;
		};
		A716DE4C289C1DA800D65C8A /* Debug */ = {
			isa = XCBuildConfiguration;
			buildSettings = {
				ALWAYS_EMBED_SWIFT_STANDARD_LIBRARIES = YES;
				BUNDLE_LOADER = "$(TEST_HOST)";
				CODE_SIGN_STYLE = Automatic;
				CURRENT_PROJECT_VERSION = 1;
				DEVELOPMENT_TEAM = TR5Z37W278;
				GENERATE_INFOPLIST_FILE = YES;
				IPHONEOS_DEPLOYMENT_TARGET = 16.0;
				MARKETING_VERSION = 1.0;
				PRODUCT_BUNDLE_IDENTIFIER = com.valentinsilvera.rankedTests;
				PRODUCT_NAME = "$(TARGET_NAME)";
				SWIFT_EMIT_LOC_STRINGS = NO;
				SWIFT_VERSION = 5.0;
				TARGETED_DEVICE_FAMILY = "1,2";
				TEST_HOST = "$(BUILT_PRODUCTS_DIR)/ranked.app/$(BUNDLE_EXECUTABLE_FOLDER_PATH)/ranked";
			};
			name = Debug;
		};
		A716DE4D289C1DA800D65C8A /* Release */ = {
			isa = XCBuildConfiguration;
			buildSettings = {
				ALWAYS_EMBED_SWIFT_STANDARD_LIBRARIES = YES;
				BUNDLE_LOADER = "$(TEST_HOST)";
				CODE_SIGN_STYLE = Automatic;
				CURRENT_PROJECT_VERSION = 1;
				DEVELOPMENT_TEAM = TR5Z37W278;
				GENERATE_INFOPLIST_FILE = YES;
				IPHONEOS_DEPLOYMENT_TARGET = 16.0;
				MARKETING_VERSION = 1.0;
				PRODUCT_BUNDLE_IDENTIFIER = com.valentinsilvera.rankedTests;
				PRODUCT_NAME = "$(TARGET_NAME)";
				SWIFT_EMIT_LOC_STRINGS = NO;
				SWIFT_VERSION = 5.0;
				TARGETED_DEVICE_FAMILY = "1,2";
				TEST_HOST = "$(BUILT_PRODUCTS_DIR)/ranked.app/$(BUNDLE_EXECUTABLE_FOLDER_PATH)/ranked";
			};
			name = Release;
		};
		A716DE4F289C1DA800D65C8A /* Debug */ = {
			isa = XCBuildConfiguration;
			buildSettings = {
				ALWAYS_EMBED_SWIFT_STANDARD_LIBRARIES = YES;
				CODE_SIGN_STYLE = Automatic;
				CURRENT_PROJECT_VERSION = 1;
				DEVELOPMENT_TEAM = TR5Z37W278;
				GENERATE_INFOPLIST_FILE = YES;
				MARKETING_VERSION = 1.0;
				PRODUCT_BUNDLE_IDENTIFIER = com.valentinsilvera.rankedUITests;
				PRODUCT_NAME = "$(TARGET_NAME)";
				SWIFT_EMIT_LOC_STRINGS = NO;
				SWIFT_VERSION = 5.0;
				TARGETED_DEVICE_FAMILY = "1,2";
				TEST_TARGET_NAME = ranked;
			};
			name = Debug;
		};
		A716DE50289C1DA800D65C8A /* Release */ = {
			isa = XCBuildConfiguration;
			buildSettings = {
				ALWAYS_EMBED_SWIFT_STANDARD_LIBRARIES = YES;
				CODE_SIGN_STYLE = Automatic;
				CURRENT_PROJECT_VERSION = 1;
				DEVELOPMENT_TEAM = TR5Z37W278;
				GENERATE_INFOPLIST_FILE = YES;
				MARKETING_VERSION = 1.0;
				PRODUCT_BUNDLE_IDENTIFIER = com.valentinsilvera.rankedUITests;
				PRODUCT_NAME = "$(TARGET_NAME)";
				SWIFT_EMIT_LOC_STRINGS = NO;
				SWIFT_VERSION = 5.0;
				TARGETED_DEVICE_FAMILY = "1,2";
				TEST_TARGET_NAME = ranked;
			};
			name = Release;
		};
/* End XCBuildConfiguration section */

/* Begin XCConfigurationList section */
		A716DE1F289C1DA600D65C8A /* Build configuration list for PBXProject "ranked" */ = {
			isa = XCConfigurationList;
			buildConfigurations = (
				A716DE46289C1DA800D65C8A /* Debug */,
				A716DE47289C1DA800D65C8A /* Release */,
			);
			defaultConfigurationIsVisible = 0;
			defaultConfigurationName = Release;
		};
		A716DE48289C1DA800D65C8A /* Build configuration list for PBXNativeTarget "ranked" */ = {
			isa = XCConfigurationList;
			buildConfigurations = (
				A716DE49289C1DA800D65C8A /* Debug */,
				A716DE4A289C1DA800D65C8A /* Release */,
			);
			defaultConfigurationIsVisible = 0;
			defaultConfigurationName = Release;
		};
		A716DE4B289C1DA800D65C8A /* Build configuration list for PBXNativeTarget "rankedTests" */ = {
			isa = XCConfigurationList;
			buildConfigurations = (
				A716DE4C289C1DA800D65C8A /* Debug */,
				A716DE4D289C1DA800D65C8A /* Release */,
			);
			defaultConfigurationIsVisible = 0;
			defaultConfigurationName = Release;
		};
		A716DE4E289C1DA800D65C8A /* Build configuration list for PBXNativeTarget "rankedUITests" */ = {
			isa = XCConfigurationList;
			buildConfigurations = (
				A716DE4F289C1DA800D65C8A /* Debug */,
				A716DE50289C1DA800D65C8A /* Release */,
			);
			defaultConfigurationIsVisible = 0;
			defaultConfigurationName = Release;
		};
/* End XCConfigurationList section */

/* Begin XCRemoteSwiftPackageReference section */
		A700D62528D3762B00650491 /* XCRemoteSwiftPackageReference "Resolver" */ = {
			isa = XCRemoteSwiftPackageReference;
			repositoryURL = "https://github.com/hmlongco/Resolver";
			requirement = {
				kind = upToNextMajorVersion;
				minimumVersion = 1.0.0;
			};
		};
		A77A9B5A28C0F86500616243 /* XCRemoteSwiftPackageReference "firebase-ios-sdk" */ = {
			isa = XCRemoteSwiftPackageReference;
			repositoryURL = "https://github.com/firebase/firebase-ios-sdk";
			requirement = {
				kind = upToNextMajorVersion;
				minimumVersion = 9.0.0;
			};
		};
/* End XCRemoteSwiftPackageReference section */

/* Begin XCSwiftPackageProductDependency section */
		A700D62628D3762B00650491 /* Resolver */ = {
			isa = XCSwiftPackageProductDependency;
			package = A700D62528D3762B00650491 /* XCRemoteSwiftPackageReference "Resolver" */;
			productName = Resolver;
		};
		A77A9B5B28C0F86500616243 /* FirebaseAppCheck */ = {
			isa = XCSwiftPackageProductDependency;
			package = A77A9B5A28C0F86500616243 /* XCRemoteSwiftPackageReference "firebase-ios-sdk" */;
			productName = FirebaseAppCheck;
		};
		A77A9B5D28C0F86500616243 /* FirebaseAppDistribution-Beta */ = {
			isa = XCSwiftPackageProductDependency;
			package = A77A9B5A28C0F86500616243 /* XCRemoteSwiftPackageReference "firebase-ios-sdk" */;
			productName = "FirebaseAppDistribution-Beta";
		};
		A77A9B5F28C0F86500616243 /* FirebaseAuth */ = {
			isa = XCSwiftPackageProductDependency;
			package = A77A9B5A28C0F86500616243 /* XCRemoteSwiftPackageReference "firebase-ios-sdk" */;
			productName = FirebaseAuth;
		};
		A77A9B6128C0F86500616243 /* FirebaseAuthCombine-Community */ = {
			isa = XCSwiftPackageProductDependency;
			package = A77A9B5A28C0F86500616243 /* XCRemoteSwiftPackageReference "firebase-ios-sdk" */;
			productName = "FirebaseAuthCombine-Community";
		};
		A77A9B6328C0F86500616243 /* FirebaseDatabase */ = {
			isa = XCSwiftPackageProductDependency;
			package = A77A9B5A28C0F86500616243 /* XCRemoteSwiftPackageReference "firebase-ios-sdk" */;
			productName = FirebaseDatabase;
		};
		A77A9B6528C0F86500616243 /* FirebaseDatabaseSwift */ = {
			isa = XCSwiftPackageProductDependency;
			package = A77A9B5A28C0F86500616243 /* XCRemoteSwiftPackageReference "firebase-ios-sdk" */;
			productName = FirebaseDatabaseSwift;
		};
		A77A9B6728C0F86500616243 /* FirebaseDynamicLinks */ = {
			isa = XCSwiftPackageProductDependency;
			package = A77A9B5A28C0F86500616243 /* XCRemoteSwiftPackageReference "firebase-ios-sdk" */;
			productName = FirebaseDynamicLinks;
		};
		A77A9B6928C0F86500616243 /* FirebaseFirestore */ = {
			isa = XCSwiftPackageProductDependency;
			package = A77A9B5A28C0F86500616243 /* XCRemoteSwiftPackageReference "firebase-ios-sdk" */;
			productName = FirebaseFirestore;
		};
		A77A9B6B28C0F86500616243 /* FirebaseFirestoreCombine-Community */ = {
			isa = XCSwiftPackageProductDependency;
			package = A77A9B5A28C0F86500616243 /* XCRemoteSwiftPackageReference "firebase-ios-sdk" */;
			productName = "FirebaseFirestoreCombine-Community";
		};
		A77A9B6D28C0F86500616243 /* FirebaseFirestoreSwift */ = {
			isa = XCSwiftPackageProductDependency;
			package = A77A9B5A28C0F86500616243 /* XCRemoteSwiftPackageReference "firebase-ios-sdk" */;
			productName = FirebaseFirestoreSwift;
		};
		A77A9B6F28C0F86500616243 /* FirebaseFunctions */ = {
			isa = XCSwiftPackageProductDependency;
			package = A77A9B5A28C0F86500616243 /* XCRemoteSwiftPackageReference "firebase-ios-sdk" */;
			productName = FirebaseFunctions;
		};
		A77A9B7128C0F86500616243 /* FirebaseFunctionsCombine-Community */ = {
			isa = XCSwiftPackageProductDependency;
			package = A77A9B5A28C0F86500616243 /* XCRemoteSwiftPackageReference "firebase-ios-sdk" */;
			productName = "FirebaseFunctionsCombine-Community";
		};
		A77A9B7328C0F86500616243 /* FirebaseInAppMessaging-Beta */ = {
			isa = XCSwiftPackageProductDependency;
			package = A77A9B5A28C0F86500616243 /* XCRemoteSwiftPackageReference "firebase-ios-sdk" */;
			productName = "FirebaseInAppMessaging-Beta";
		};
		A77A9B7528C0F86500616243 /* FirebaseInAppMessagingSwift-Beta */ = {
			isa = XCSwiftPackageProductDependency;
			package = A77A9B5A28C0F86500616243 /* XCRemoteSwiftPackageReference "firebase-ios-sdk" */;
			productName = "FirebaseInAppMessagingSwift-Beta";
		};
		A77A9B7728C0F86500616243 /* FirebaseInstallations */ = {
			isa = XCSwiftPackageProductDependency;
			package = A77A9B5A28C0F86500616243 /* XCRemoteSwiftPackageReference "firebase-ios-sdk" */;
			productName = FirebaseInstallations;
		};
		A77A9B7928C0F86500616243 /* FirebaseMessaging */ = {
			isa = XCSwiftPackageProductDependency;
			package = A77A9B5A28C0F86500616243 /* XCRemoteSwiftPackageReference "firebase-ios-sdk" */;
			productName = FirebaseMessaging;
		};
		A77A9B7B28C0F86500616243 /* FirebaseRemoteConfig */ = {
			isa = XCSwiftPackageProductDependency;
			package = A77A9B5A28C0F86500616243 /* XCRemoteSwiftPackageReference "firebase-ios-sdk" */;
			productName = FirebaseRemoteConfig;
		};
		A77A9B7D28C0F86500616243 /* FirebaseRemoteConfigSwift */ = {
			isa = XCSwiftPackageProductDependency;
			package = A77A9B5A28C0F86500616243 /* XCRemoteSwiftPackageReference "firebase-ios-sdk" */;
			productName = FirebaseRemoteConfigSwift;
		};
		A77A9B7F28C0F86500616243 /* FirebaseStorage */ = {
			isa = XCSwiftPackageProductDependency;
			package = A77A9B5A28C0F86500616243 /* XCRemoteSwiftPackageReference "firebase-ios-sdk" */;
			productName = FirebaseStorage;
		};
		A77A9B8128C0F86500616243 /* FirebaseStorageCombine-Community */ = {
			isa = XCSwiftPackageProductDependency;
			package = A77A9B5A28C0F86500616243 /* XCRemoteSwiftPackageReference "firebase-ios-sdk" */;
			productName = "FirebaseStorageCombine-Community";
		};
/* End XCSwiftPackageProductDependency section */
	};
	rootObject = A716DE1C289C1DA600D65C8A /* Project object */;
}
